
Microsoft Visual Studio Solution File, Format Version 12.00
# Visual Studio Version 17
VisualStudioVersion = 17.7.34221.43
MinimumVisualStudioVersion = 10.0.40219.1
Project("{FAE04EC0-301F-11D3-BF4B-00C04F79EFBC}") = "kurseviApp", "kurseviApp\kurseviApp.csproj", "{918648AE-3613-43F8-B4C7-6A08805D03A2}"
EndProject
Global
	GlobalSection(SolutionConfigurationPlatforms) = preSolution
		Debug|Any CPU = Debug|Any CPU
		Release|Any CPU = Release|Any CPU
	EndGlobalSection
	GlobalSection(ProjectConfigurationPlatforms) = postSolution
		{918648AE-3613-43F8-B4C7-6A08805D03A2}.Debug|Any CPU.ActiveCfg = Debug|Any CPU
		{918648AE-3613-43F8-B4C7-6A08805D03A2}.Debug|Any CPU.Build.0 = Debug|Any CPU
		{918648AE-3613-43F8-B4C7-6A08805D03A2}.Release|Any CPU.ActiveCfg = Release|Any CPU
		{918648AE-3613-43F8-B4C7-6A08805D03A2}.Release|Any CPU.Build.0 = Release|Any CPU
	EndGlobalSection
	GlobalSection(SolutionProperties) = preSolution
		HideSolutionNode = FALSE
	EndGlobalSection
	GlobalSection(ExtensibilityGlobals) = postSolution
		SolutionGuid = {61BC28FA-9DC8-47F1-BBC1-3B586D9ECA22}
	EndGlobalSection
EndGlobal
